# THIS IS AN AUTOGENERATED FILE. DO NOT EDIT THIS FILE DIRECTLY.
# yarn lockfile v1


"@babel/runtime@^7.1.2":
  version "7.1.5"
  resolved "http://registry.npm.taobao.org/@babel/runtime/download/@babel/runtime-7.1.5.tgz#4170907641cf1f61508f563ece3725150cc6fe39"
  integrity sha1-QXCQdkHPH2FQj1Y+zjclFQzG/jk=
  dependencies:
    regenerator-runtime "^0.12.0"

history@^4.7.2:
  version "4.7.2"
  resolved "http://registry.npm.taobao.org/history/download/history-4.7.2.tgz#22b5c7f31633c5b8021c7f4a8a954ac139ee8d5b"
  integrity sha1-IrXH8xYzxbgCHH9KipVKwTnujVs=
  dependencies:
    invariant "^2.2.1"
    loose-envify "^1.2.0"
    resolve-pathname "^2.2.0"
    value-equal "^0.4.0"
    warning "^3.0.0"

hoist-non-react-statics@^2.5.0:
  version "2.5.5"
  resolved "http://registry.npm.taobao.org/hoist-non-react-statics/download/hoist-non-react-statics-2.5.5.tgz#c5903cf409c0dfd908f388e619d86b9c1174cb47"
  integrity sha1-xZA89AnA39kI84jmGdhrnBF0y0c=

hoist-non-react-statics@^3.0.0:
  version "3.1.0"
  resolved "http://registry.npm.taobao.org/hoist-non-react-statics/download/hoist-non-react-statics-3.1.0.tgz#42414ccdfff019cd2168168be998c7b3bd5245c0"
  integrity sha1-QkFMzf/wGc0haBaL6ZjHs71SRcA=
  dependencies:
    react-is "^16.3.2"

invariant@^2.2.1, invariant@^2.2.4:
  version "2.2.4"
  resolved "http://registry.npm.taobao.org/invariant/download/invariant-2.2.4.tgz#610f3c92c9359ce1db616e538008d23ff35158e6"
  integrity sha1-YQ88ksk1nOHbYW5TgAjSP/NRWOY=
  dependencies:
    loose-envify "^1.0.0"

isarray@0.0.1:
  version "0.0.1"
  resolved "http://registry.npm.taobao.org/isarray/download/isarray-0.0.1.tgz#8a18acfca9a8f4177e09abfc6038939b05d1eedf"
  integrity sha1-ihis/Kmo9Bd+Cav8YDiTmwXR7t8=

"js-tokens@^3.0.0 || ^4.0.0":
  version "4.0.0"
  resolved "http://registry.npm.taobao.org/js-tokens/download/js-tokens-4.0.0.tgz#19203fb59991df98e3a287050d4647cdeaf32499"
  integrity sha1-GSA/tZmR35jjoocFDUZHzerzJJk=

loose-envify@^1.0.0, loose-envify@^1.1.0, loose-envify@^1.2.0, loose-envify@^1.3.1, loose-envify@^1.4.0:
  version "1.4.0"
  resolved "http://registry.npm.taobao.org/loose-envify/download/loose-envify-1.4.0.tgz#71ee51fa7be4caec1a63839f7e682d8132d30caf"
  integrity sha1-ce5R+nvkyuwaY4OffmgtgTLTDK8=
  dependencies:
    js-tokens "^3.0.0 || ^4.0.0"

object-assign@^4.1.1:
  version "4.1.1"
  resolved "http://registry.npm.taobao.org/object-assign/download/object-assign-4.1.1.tgz#2109adc7965887cfc05cbbd442cac8bfbb360863"
  integrity sha1-IQmtx5ZYh8/AXLvUQsrIv7s2CGM=

path-to-regexp@^1.7.0:
  version "1.7.0"
  resolved "http://registry.npm.taobao.org/path-to-regexp/download/path-to-regexp-1.7.0.tgz#59fde0f435badacba103a84e9d3bc64e96b9937d"
  integrity sha1-Wf3g9DW62suhA6hOnTvGTpa5k30=
  dependencies:
    isarray "0.0.1"

prop-types@^15.6.1, prop-types@^15.6.2:
  version "15.6.2"
  resolved "http://registry.npm.taobao.org/prop-types/download/prop-types-15.6.2.tgz#05d5ca77b4453e985d60fc7ff8c859094a497102"
  integrity sha1-BdXKd7RFPphdYPx/+MhZCUpJcQI=
  dependencies:
    loose-envify "^1.3.1"
    object-assign "^4.1.1"

react-dom@^16.6.1:
  version "16.6.1"
  resolved "http://registry.npm.taobao.org/react-dom/download/react-dom-16.6.1.tgz#5476e08694ae504ae385a28b62ecc4fe3a29add9"
  integrity sha1-VHbghpSuUErjhaKLYuzE/joprdk=
  dependencies:
    loose-envify "^1.1.0"
    object-assign "^4.1.1"
    prop-types "^15.6.2"
    scheduler "^0.11.0"

react-is@^16.3.2, react-is@^16.6.0:
  version "16.6.1"
  resolved "http://registry.npm.taobao.org/react-is/download/react-is-16.6.1.tgz#f77b1c3d901be300abe8d58645b7a59e794e5982"
  integrity sha1-93scPZAb4wCr6NWGRbelnnlOWYI=

react-lifecycles-compat@^3.0.0:
  version "3.0.4"
  resolved "http://registry.npm.taobao.org/react-lifecycles-compat/download/react-lifecycles-compat-3.0.4.tgz#4f1a273afdfc8f3488a8c516bfda78f872352362"
  integrity sha1-TxonOv38jzSIqMUWv9p4+HI1I2I=

react-redux@^5.1.0:
  version "5.1.0"
  resolved "http://registry.npm.taobao.org/react-redux/download/react-redux-5.1.0.tgz#948b1e2686473d1999092bcfb32d0dc43d33f667"
  integrity sha1-lIseJoZHPRmZCSvPsy0NxD0z9mc=
  dependencies:
    "@babel/runtime" "^7.1.2"
    hoist-non-react-statics "^3.0.0"
    invariant "^2.2.4"
    loose-envify "^1.1.0"
    prop-types "^15.6.1"
    react-is "^16.6.0"
    react-lifecycles-compat "^3.0.0"

react-router-dom@^4.3.1:
  version "4.3.1"
  resolved "http://registry.npm.taobao.org/react-router-dom/download/react-router-dom-4.3.1.tgz#4c2619fc24c4fa87c9fd18f4fb4a43fe63fbd5c6"
  integrity sha1-TCYZ/CTE+ofJ/Rj0+0pD/mP71cY=
  dependencies:
    history "^4.7.2"
    invariant "^2.2.4"
    loose-envify "^1.3.1"
    prop-types "^15.6.1"
    react-router "^4.3.1"
    warning "^4.0.1"

react-router@^4.3.1:
  version "4.3.1"
  resolved "http://registry.npm.taobao.org/react-router/download/react-router-4.3.1.tgz#aada4aef14c809cb2e686b05cee4742234506c4e"
  integrity sha1-qtpK7xTICcsuaGsFzuR0IjRQbE4=
  dependencies:
    history "^4.7.2"
    hoist-non-react-statics "^2.5.0"
    invariant "^2.2.4"
    loose-envify "^1.3.1"
    path-to-regexp "^1.7.0"
    prop-types "^15.6.1"
    warning "^4.0.1"

react@^16.6.1:
  version "16.6.1"
  resolved "http://registry.npm.taobao.org/react/download/react-16.6.1.tgz#ee2aef4f0a09e494594882029821049772f915fe"
  integrity sha1-7irvTwoJ5JRZSIICmCEEl3L5Ff4=
  dependencies:
    loose-envify "^1.1.0"
    object-assign "^4.1.1"
    prop-types "^15.6.2"
    scheduler "^0.11.0"

redux-saga@^0.16.2:
  version "0.16.2"
  resolved "http://registry.npm.taobao.org/redux-saga/download/redux-saga-0.16.2.tgz#993662e86bc945d8509ac2b8daba3a8c615cc971"
  integrity sha1-mTZi6GvJRdhQmsK42ro6jGFcyXE=

redux@^4.0.1:
  version "4.0.1"
  resolved "http://registry.npm.taobao.org/redux/download/redux-4.0.1.tgz#436cae6cc40fbe4727689d7c8fae44808f1bfef5"
  integrity sha1-Q2yubMQPvkcnaJ18j65EgI8b/vU=
  dependencies:
    loose-envify "^1.4.0"
    symbol-observable "^1.2.0"

regenerator-runtime@^0.12.0:
  version "0.12.1"
  resolved "http://registry.npm.taobao.org/regenerator-runtime/download/regenerator-runtime-0.12.1.tgz#fa1a71544764c036f8c49b13a08b2594c9f8a0de"
  integrity sha1-+hpxVEdkwDb4xJsToIsllMn4oN4=

resolve-pathname@^2.2.0:
  version "2.2.0"
  resolved "http://registry.npm.taobao.org/resolve-pathname/download/resolve-pathname-2.2.0.tgz#7e9ae21ed815fd63ab189adeee64dc831eefa879"
  integrity sha1-fpriHtgV/WOrGJre7mTcgx7vqHk=

scheduler@^0.11.0:
  version "0.11.0"
  resolved "http://registry.npm.taobao.org/scheduler/download/scheduler-0.11.0.tgz#def1f1bfa6550cc57981a87106e65e8aea41a6b5"
  integrity sha1-3vHxv6ZVDMV5gahxBuZeiupBprU=
  dependencies:
    loose-envify "^1.1.0"
    object-assign "^4.1.1"

symbol-observable@^1.2.0:
  version "1.2.0"
  resolved "http://registry.npm.taobao.org/symbol-observable/download/symbol-observable-1.2.0.tgz#c22688aed4eab3cdc2dfeacbb561660560a00804"
  integrity sha1-wiaIrtTqs83C3+rLtWFmBWCgCAQ=

value-equal@^0.4.0:
  version "0.4.0"
  resolved "http://registry.npm.taobao.org/value-equal/download/value-equal-0.4.0.tgz#c5bdd2f54ee093c04839d71ce2e4758a6890abc7"
  integrity sha1-xb3S9U7gk8BIOdcc4uR1imiQq8c=

warning@^3.0.0:
  version "3.0.0"
  resolved "http://registry.npm.taobao.org/warning/download/warning-3.0.0.tgz#32e5377cb572de4ab04753bdf8821c01ed605b7c"
  integrity sha1-MuU3fLVy3kqwR1O9+IIcAe1gW3w=
  dependencies:
    loose-envify "^1.0.0"

warning@^4.0.1:
  version "4.0.2"
  resolved "http://registry.npm.taobao.org/warning/download/warning-4.0.2.tgz#aa6876480872116fa3e11d434b0d0d8d91e44607"
  integrity sha1-qmh2SAhyEW+j4R1DSw0NjZHkRgc=
  dependencies:
    loose-envify "^1.0.0"

whatwg-fetch@^3.0.0:
  version "3.0.0"
  resolved "http://registry.npm.taobao.org/whatwg-fetch/download/whatwg-fetch-3.0.0.tgz#fc804e458cc460009b1a2b966bc8817d2578aefb"
  integrity sha1-/IBORYzEYACbGiuWa8iBfSV4rvs=
